Microsoft Visual Studio Solution File, Format Version 12.00
# Visual Studio Version 17
VisualStudioVersion = 17.5.2.0
MinimumVisualStudioVersion = 10.0.40219.1
Project("{FAE04EC0-301F-11D3-BF4B-00C04F79EFBC}") = "VisitorDemo", "VisitorDemo.csproj", "{0722D17D-14B8-836D-4907-2BA6708DBBAA}"
EndProject
Global
	GlobalSection(SolutionConfigurationPlatforms) = preSolution
		Debug|Any CPU = Debug|Any CPU
		Release|Any CPU = Release|Any CPU
	EndGlobalSection
	GlobalSection(ProjectConfigurationPlatforms) = postSolution
		{0722D17D-14B8-836D-4907-2BA6708DBBAA}.Debug|Any CPU.ActiveCfg = Debug|Any CPU
		{0722D17D-14B8-836D-4907-2BA6708DBBAA}.Debug|Any CPU.Build.0 = Debug|Any CPU
		{0722D17D-14B8-836D-4907-2BA6708DBBAA}.Release|Any CPU.ActiveCfg = Release|Any CPU
		{0722D17D-14B8-836D-4907-2BA6708DBBAA}.Release|Any CPU.Build.0 = Release|Any CPU
	EndGlobalSection
	GlobalSection(SolutionProperties) = preSolution
		HideSolutionNode = FALSE
	EndGlobalSection
	GlobalSection(ExtensibilityGlobals) = postSolution
		SolutionGuid = {A0177889-97D2-4760-AE7B-E97182F392F4}
	EndGlobalSection
EndGlobal
